{
  "version": 4,
  "terraform_version": "1.14.5",
  "serial": 11,
  "lineage": "b899f8ad-6870-9427-f98d-2a1ff5dece86",
  "outputs": {
    "webapp_name": {
      "value": "tf-python-app-5zrg6iviyu",
      "type": "string"
    }
  },
  "resources": [
    {
      "mode": "managed",
      "type": "azurerm_linux_web_app",
      "name": "app",
      "provider": "provider[\"registry.terraform.io/hashicorp/azurerm\"]",
      "instances": [
        {
          "schema_version": 1,
          "attributes": {
            "app_settings": {
              "WEBSITES_PORT": "8000"
            },
            "auth_settings": [
              {
                "active_directory": [],
                "additional_login_parameters": {},
                "allowed_external_redirect_urls": [],
                "default_provider": "",
                "enabled": false,
                "facebook": [],
                "github": [],
                "google": [],
                "issuer": "",
                "microsoft": [],
                "runtime_version": "",
                "token_refresh_extension_hours": 0,
                "token_store_enabled": false,
                "twitter": [],
                "unauthenticated_client_action": ""
              }
            ],
            "auth_settings_v2": [],
            "backup": [],
            "client_affinity_enabled": false,
            "client_certificate_enabled": false,
            "client_certificate_exclusion_paths": "",
            "client_certificate_mode": "Required",
            "connection_string": [],
            "custom_domain_verification_id": "52B0F2D055D439FFA857DA3DBD7F370E9004D78932D4F0F07FE16C61E22015DC",
            "default_hostname": "tf-python-app-5zrg6iviyu.azurewebsites.net",
            "enabled": true,
            "ftp_publish_basic_authentication_enabled": true,
            "hosting_environment_id": "",
            "https_only": false,
            "id": "/subscriptions/696dc8f7-1650-4375-8191-387b0fb11da8/resourceGroups/rg-tf-python-app/providers/Microsoft.Web/sites/tf-python-app-5zrg6iviyu",
            "identity": [],
            "key_vault_reference_identity_id": "SystemAssigned",
            "kind": "app,linux",
            "location": "eastus",
            "logs": [],
            "name": "tf-python-app-5zrg6iviyu",
            "outbound_ip_address_list": [
              "135.237.37.104",
              "172.171.45.246",
              "135.237.78.70",
              "172.212.6.5",
              "4.157.10.234",
              "4.157.171.190",
              "4.156.44.133",
              "172.212.55.224",
              "51.8.38.209",
              "4.156.88.171",
              "51.8.207.26",
              "134.33.146.115",
              "57.152.56.145",
              "172.214.67.172",
              "4.157.102.7",
              "74.179.199.160",
              "172.214.118.122",
              "4.255.65.132",
              "20.119.0.60"
            ],
            "outbound_ip_addresses": "135.237.37.104,172.171.45.246,135.237.78.70,172.212.6.5,4.157.10.234,4.157.171.190,4.156.44.133,172.212.55.224,51.8.38.209,4.156.88.171,51.8.207.26,134.33.146.115,57.152.56.145,172.214.67.172,4.157.102.7,74.179.199.160,172.214.118.122,4.255.65.132,20.119.0.60",
            "possible_outbound_ip_address_list": [
              "135.237.37.104",
              "172.171.45.246",
              "135.237.78.70",
              "172.212.6.5",
              "4.157.10.234",
              "4.157.171.190",
              "4.156.44.133",
              "172.212.55.224",
              "51.8.38.209",
              "4.156.88.171",
              "51.8.207.26",
              "134.33.146.115",
              "57.152.56.145",
              "172.214.67.172",
              "4.157.102.7",
              "74.179.199.160",
              "172.214.118.122",
              "4.255.65.132",
              "4.156.144.120",
              "51.8.25.129",
              "4.157.106.32",
              "57.151.32.72",
              "74.179.184.245",
              "74.179.238.206",
              "135.234.219.163",
              "48.216.144.82",
              "172.210.95.106",
              "51.8.231.189",
              "20.232.234.181",
              "135.237.8.246",
              "74.179.190.98",
              "172.210.126.210",
              "57.152.52.63",
              "135.237.37.155",
              "4.157.164.120",
              "57.151.34.71",
              "20.119.0.60"
            ],
            "possible_outbound_ip_addresses": "135.237.37.104,172.171.45.246,135.237.78.70,172.212.6.5,4.157.10.234,4.157.171.190,4.156.44.133,172.212.55.224,51.8.38.209,4.156.88.171,51.8.207.26,134.33.146.115,57.152.56.145,172.214.67.172,4.157.102.7,74.179.199.160,172.214.118.122,4.255.65.132,4.156.144.120,51.8.25.129,4.157.106.32,57.151.32.72,74.179.184.245,74.179.238.206,135.234.219.163,48.216.144.82,172.210.95.106,51.8.231.189,20.232.234.181,135.237.8.246,74.179.190.98,172.210.126.210,57.152.52.63,135.237.37.155,4.157.164.120,57.151.34.71,20.119.0.60",
            "public_network_access_enabled": true,
            "resource_group_name": "rg-tf-python-app",
            "service_plan_id": "/subscriptions/696dc8f7-1650-4375-8191-387b0fb11da8/resourceGroups/rg-tf-python-app/providers/Microsoft.Web/serverFarms/asp-tf-python-app",
            "site_config": [
              {
                "always_on": true,
                "api_definition_url": "",
                "api_management_api_id": "",
                "app_command_line": "",
                "application_stack": [
                  {
                    "docker_image_name": "",
                    "docker_registry_password": "",
                    "docker_registry_url": "",
                    "docker_registry_username": "",
                    "dotnet_version": "",
                    "go_version": "",
                    "java_server": "",
                    "java_server_version": "",
                    "java_version": "",
                    "node_version": "",
                    "php_version": "",
                    "python_version": "3.10",
                    "ruby_version": ""
                  }
                ],
                "auto_heal_setting": [],
                "container_registry_managed_identity_client_id": "",
                "container_registry_use_managed_identity": false,
                "cors": [],
                "default_documents": [
                  "Default.htm",
                  "Default.html",
                  "Default.asp",
                  "index.htm",
                  "index.html",
                  "iisstart.htm",
                  "default.aspx",
                  "index.php",
                  "hostingstart.html"
                ],
                "detailed_error_logging_enabled": false,
                "ftps_state": "Disabled",
                "health_check_eviction_time_in_min": 0,
                "health_check_path": "",
                "http2_enabled": false,
                "ip_restriction": [],
                "ip_restriction_default_action": "Allow",
                "linux_fx_version": "PYTHON|3.10",
                "load_balancing_mode": "LeastRequests",
                "local_mysql_enabled": false,
                "managed_pipeline_mode": "Integrated",
                "minimum_tls_version": "1.2",
                "remote_debugging_enabled": false,
                "remote_debugging_version": "VS2022",
                "scm_ip_restriction": [],
                "scm_ip_restriction_default_action": "Allow",
                "scm_minimum_tls_version": "1.2",
                "scm_type": "None",
                "scm_use_main_ip_restriction": false,
                "use_32_bit_worker": true,
                "vnet_route_all_enabled": false,
                "websockets_enabled": false,
                "worker_count": 1
              }
            ],
            "site_credential": [
              {
                "name": "$tf-python-app-5zrg6iviyu",
                "password": "HfRFhp9KslndDsyXmvRFc94Rx3CWEdmKCiTMyC8QB7fjfw9LgFgdmCFrYb4j"
              }
            ],
            "sticky_settings": [],
            "storage_account": [],
            "tags": null,
            "timeouts": null,
            "virtual_network_backup_restore_enabled": false,
            "virtual_network_subnet_id": "",
            "vnet_image_pull_enabled": false,
            "webdeploy_publish_basic_authentication_enabled": true,
            "zip_deploy_file": ""
          },
          "sensitive_attributes": [
            [
              {
                "type": "get_attr",
                "value": "custom_domain_verification_id"
              }
            ],
            [
              {
                "type": "get_attr",
                "value": "site_config"
              },
              {
                "type": "index",
                "value": {
                  "value": 0,
                  "type": "number"
                }
              },
              {
                "type": "get_attr",
                "value": "application_stack"
              },
              {
                "type": "index",
                "value": {
                  "value": 0,
                  "type": "number"
                }
              },
              {
                "type": "get_attr",
                "value": "docker_registry_password"
              }
            ],
            [
              {
                "type": "get_attr",
                "value": "site_credential"
              }
            ]
          ],
          "identity_schema_version": 0,
          "private": "eyJlMmJmYjczMC1lY2FhLTExZTYtOGY4OC0zNDM2M2JjN2M0YzAiOnsiY3JlYXRlIjoxODAwMDAwMDAwMDAwLCJkZWxldGUiOjE4MDAwMDAwMDAwMDAsInJlYWQiOjMwMDAwMDAwMDAwMCwidXBkYXRlIjoxODAwMDAwMDAwMDAwfSwic2NoZW1hX3ZlcnNpb24iOiIxIn0=",
          "dependencies": [
            "azurerm_resource_group.rg",
            "azurerm_service_plan.plan"
          ]
        }
      ]
    },
    {
      "mode": "managed",
      "type": "azurerm_resource_group",
      "name": "rg",
      "provider": "provider[\"registry.terraform.io/hashicorp/azurerm\"]",
      "instances": [
        {
          "schema_version": 0,
          "attributes": {
            "id": "/subscriptions/696dc8f7-1650-4375-8191-387b0fb11da8/resourceGroups/rg-tf-python-app",
            "location": "eastus",
            "managed_by": "",
            "name": "rg-tf-python-app",
            "tags": null,
            "timeouts": null
          },
          "sensitive_attributes": [],
          "identity_schema_version": 0,
          "identity": {
            "name": "rg-tf-python-app",
            "subscription_id": "696dc8f7-1650-4375-8191-387b0fb11da8"
          },
          "private": "eyJlMmJmYjczMC1lY2FhLTExZTYtOGY4OC0zNDM2M2JjN2M0YzAiOnsiY3JlYXRlIjo1NDAwMDAwMDAwMDAwLCJkZWxldGUiOjU0MDAwMDAwMDAwMDAsInJlYWQiOjMwMDAwMDAwMDAwMCwidXBkYXRlIjo1NDAwMDAwMDAwMDAwfX0="
        }
      ]
    },
    {
      "mode": "managed",
      "type": "azurerm_service_plan",
      "name": "plan",
      "provider": "provider[\"registry.terraform.io/hashicorp/azurerm\"]",
      "instances": [
        {
          "schema_version": 1,
          "attributes": {
            "app_service_environment_id": "",
            "id": "/subscriptions/696dc8f7-1650-4375-8191-387b0fb11da8/resourceGroups/rg-tf-python-app/providers/Microsoft.Web/serverFarms/asp-tf-python-app",
            "kind": "linux",
            "location": "eastus",
            "maximum_elastic_worker_count": 1,
            "name": "asp-tf-python-app",
            "os_type": "Linux",
            "per_site_scaling_enabled": false,
            "premium_plan_auto_scale_enabled": false,
            "reserved": true,
            "resource_group_name": "rg-tf-python-app",
            "sku_name": "B1",
            "tags": null,
            "timeouts": null,
            "worker_count": 1,
            "zone_balancing_enabled": false
          },
          "sensitive_attributes": [],
          "identity_schema_version": 0,
          "identity": {
            "name": "asp-tf-python-app",
            "resource_group_name": "rg-tf-python-app",
            "subscription_id": "696dc8f7-1650-4375-8191-387b0fb11da8"
          },
          "private": "eyJlMmJmYjczMC1lY2FhLTExZTYtOGY4OC0zNDM2M2JjN2M0YzAiOnsiY3JlYXRlIjozNjAwMDAwMDAwMDAwLCJkZWxldGUiOjM2MDAwMDAwMDAwMDAsInJlYWQiOjMwMDAwMDAwMDAwMCwidXBkYXRlIjozNjAwMDAwMDAwMDAwfSwic2NoZW1hX3ZlcnNpb24iOiIxIn0=",
          "dependencies": [
            "azurerm_resource_group.rg"
          ]
        }
      ]
    },
    {
      "mode": "managed",
      "type": "random_string",
      "name": "suffix",
      "provider": "provider[\"registry.terraform.io/hashicorp/random\"]",
      "instances": [
        {
          "schema_version": 2,
          "attributes": {
            "id": "c5w8qvsenf",
            "keepers": null,
            "length": 10,
            "lower": true,
            "min_lower": 0,
            "min_numeric": 0,
            "min_special": 0,
            "min_upper": 0,
            "number": true,
            "numeric": true,
            "override_special": null,
            "result": "c5w8qvsenf",
            "special": false,
            "upper": false
          },
          "sensitive_attributes": [],
          "identity_schema_version": 0
        }
      ]
    }
  ],
  "check_results": null
}
